
Microsoft Visual Studio Solution File, Format Version 12.00
# Visual Studio 14
VisualStudioVersion = 14.0.24720.0
MinimumVisualStudioVersion = 10.0.40219.1
Project("{2150E333-8FDC-42A3-9474-1A3956D46DE8}") = "Solution Items", "Solution Items", "{97EE55BB-4AA6-4BE7-AB21-4278C16A723C}"
	ProjectSection(SolutionItems) = preProject
		.gitignore = .gitignore
	EndProjectSection
EndProject
Project("{FAE04EC0-301F-11D3-BF4B-00C04F79EFBC}") = "Prometheus.Demo", "src\Prometheus.Demo\Prometheus.Demo.csproj", "{AC2337DB-45A3-4DC3-A564-C97CF4C413BA}"
EndProject
Global
	GlobalSection(SolutionConfigurationPlatforms) = preSolution
		Debug|Any CPU = Debug|Any CPU
		Release|Any CPU = Release|Any CPU
	EndGlobalSection
	GlobalSection(ProjectConfigurationPlatforms) = postSolution
		{AC2337DB-45A3-4DC3-A564-C97CF4C413BA}.Debug|Any CPU.ActiveCfg = Debug|Any CPU
		{AC2337DB-45A3-4DC3-A564-C97CF4C413BA}.Debug|Any CPU.Build.0 = Debug|Any CPU
		{AC2337DB-45A3-4DC3-A564-C97CF4C413BA}.Release|Any CPU.ActiveCfg = Release|Any CPU
		{AC2337DB-45A3-4DC3-A564-C97CF4C413BA}.Release|Any CPU.Build.0 = Release|Any CPU
	EndGlobalSection
	GlobalSection(SolutionProperties) = preSolution
		HideSolutionNode = FALSE
	EndGlobalSection
EndGlobal
